// !$*UTF8*$!
{
	archiveVersion = 1;
	classes = {
	};
	objectVersion = 50;
	objects = {

/* Begin PBXBuildFile section */
		5E4259362416CB280092063B /* AppDelegate.swift in Sources */ = {isa = PBXBuildFile; fileRef = 5E4259352416CB280092063B /* AppDelegate.swift */; };
		5E4259382416CB280092063B /* SceneDelegate.swift in Sources */ = {isa = PBXBuildFile; fileRef = 5E4259372416CB280092063B /* SceneDelegate.swift */; };
		5E42593A2416CB280092063B /* ViewController.swift in Sources */ = {isa = PBXBuildFile; fileRef = 5E4259392416CB280092063B /* ViewController.swift */; };
		5E42593D2416CB280092063B /* Main.storyboard in Resources */ = {isa = PBXBuildFile; fileRef = 5E42593B2416CB280092063B /* Main.storyboard */; };
		5E42593F2416CB290092063B /* Assets.xcassets in Resources */ = {isa = PBXBuildFile; fileRef = 5E42593E2416CB290092063B /* Assets.xcassets */; };
		5E4259422416CB290092063B /* LaunchScreen.storyboard in Resources */ = {isa = PBXBuildFile; fileRef = 5E4259402416CB290092063B /* LaunchScreen.storyboard */; };
		5E42594A2416D4760092063B /* NewTaskViewController.swift in Sources */ = {isa = PBXBuildFile; fileRef = 5E4259492416D4760092063B /* NewTaskViewController.swift */; };
		5E42594C2417091F0092063B /* Task.swift in Sources */ = {isa = PBXBuildFile; fileRef = 5E42594B2417091F0092063B /* Task.swift */; };
/* End PBXBuildFile section */

/* Begin PBXFileReference section */
		5E4259322416CB280092063B /* Composite Tasks.app */ = {isa = PBXFileReference; explicitFileType = wrapper.application; includeInIndex = 0; path = "Composite Tasks.app"; sourceTree = BUILT_PRODUCTS_DIR; };
		5E4259352416CB280092063B /* AppDelegate.swift */ = {isa = PBXFileReference; lastKnownFileType = sourcecode.swift; path = AppDelegate.swift; sourceTree = "<group>"; };
		5E4259372416CB280092063B /* SceneDelegate.swift */ = {isa = PBXFileReference; lastKnownFileType = sourcecode.swift; path = SceneDelegate.swift; sourceTree = "<group>"; };
		5E4259392416CB280092063B /* ViewController.swift */ = {isa = PBXFileReference; lastKnownFileType = sourcecode.swift; path = ViewController.swift; sourceTree = "<group>"; };
		5E42593C2416CB280092063B /* Base */ = {isa = PBXFileReference; lastKnownFileType = file.storyboard; name = Base; path = Base.lproj/Main.storyboard; sourceTree = "<group>"; };
		5E42593E2416CB290092063B /* Assets.xcassets */ = {isa = PBXFileReference; lastKnownFileType = folder.assetcatalog; path = Assets.xcassets; sourceTree = "<group>"; };
		5E4259412416CB290092063B /* Base */ = {isa = PBXFileReference; lastKnownFileType = file.storyboard; name = Base; path = Base.lproj/LaunchScreen.storyboard; sourceTree = "<group>"; };
		5E4259432416CB290092063B /* Info.plist */ = {isa = PBXFileReference; lastKnownFileType = text.plist.xml; path = Info.plist; sourceTree = "<group>"; };
		5E4259492416D4760092063B /* NewTaskViewController.swift */ = {isa = PBXFileReference; lastKnownFileType = sourcecode.swift; path = NewTaskViewController.swift; sourceTree = "<group>"; };
		5E42594B2417091F0092063B /* Task.swift */ = {isa = PBXFileReference; lastKnownFileType = sourcecode.swift; path = Task.swift; sourceTree = "<group>"; };
/* End PBXFileReference section */

/* Begin PBXFrameworksBuildPhase section */
		5E42592F2416CB280092063B /* Frameworks */ = {
			isa = PBXFrameworksBuildPhase;
			buildActionMask = 2147483647;
			files = (
			);
			runOnlyForDeploymentPostprocessing = 0;
		};
/* End PBXFrameworksBuildPhase section */

/* Begin PBXGroup section */
		5E4259292416CB280092063B = {
			isa = PBXGroup;
			children = (
				5E4259342416CB280092063B /* Composite Tasks */,
				5E4259332416CB280092063B /* Products */,
			);
			sourceTree = "<group>";
		};
		5E4259332416CB280092063B /* Products */ = {
			isa = PBXGroup;
			children = (
				5E4259322416CB280092063B /* Composite Tasks.app */,
			);
			name = Products;
			sourceTree = "<group>";
		};
		5E4259342416CB280092063B /* Composite Tasks */ = {
			isa = PBXGroup;
			children = (
				5E4259352416CB280092063B /* AppDelegate.swift */,
				5E4259372416CB280092063B /* SceneDelegate.swift */,
				5E4259392416CB280092063B /* ViewController.swift */,
				5E42594B2417091F0092063B /* Task.swift */,
				5E4259492416D4760092063B /* NewTaskViewController.swift */,
				5E42593B2416CB280092063B /* Main.storyboard */,
				5E42593E2416CB290092063B /* Assets.xcassets */,
				5E4259402416CB290092063B /* LaunchScreen.storyboard */,
				5E4259432416CB290092063B /* Info.plist */,
			);
			path = "Composite Tasks";
			sourceTree = "<group>";
		};
/* End PBXGroup section */

/* Begin PBXNativeTarget section */
		5E4259312416CB280092063B /* Composite Tasks */ = {
			isa = PBXNativeTarget;
			buildConfigurationList = 5E4259462416CB290092063B /* Build configuration list for PBXNativeTarget "Composite Tasks" */;
			buildPhases = (
				5E42592E2416CB280092063B /* Sources */,
				5E42592F2416CB280092063B /* Frameworks */,
				5E4259302416CB280092063B /* Resources */,
			);
			buildRules = (
			);
			dependencies = (
			);
			name = "Composite Tasks";
			productName = "Composite Tasks";
			productReference = 5E4259322416CB280092063B /* Composite Tasks.app */;
			productType = "com.apple.product-type.application";
		};
/* End PBXNativeTarget section */

/* Begin PBXProject section */
		5E42592A2416CB280092063B /* Project object */ = {
			isa = PBXProject;
			attributes = {
				LastSwiftUpdateCheck = 1130;
				LastUpgradeCheck = 1130;
				ORGANIZATIONNAME = Ksenia;
				TargetAttributes = {
					5E4259312416CB280092063B = {
						CreatedOnToolsVersion = 11.3.1;
					};
				};
			};
			buildConfigurationList = 5E42592D2416CB280092063B /* Build configuration list for PBXProject "Composite Tasks" */;
			compatibilityVersion = "Xcode 9.3";
			developmentRegion = en;
			hasScannedForEncodings = 0;
			knownRegions = (
				en,
				Base,
			);
			mainGroup = 5E4259292416CB280092063B;
			productRefGroup = 5E4259332416CB280092063B /* Products */;
			projectDirPath = "";
			projectRoot = "";
			targets = (
				5E4259312416CB280092063B /* Composite Tasks */,
			);
		};
/* End PBXProject section */

/* Begin PBXResourcesBuildPhase section */
		5E4259302416CB280092063B /* Resources */ = {
			isa = PBXResourcesBuildPhase;
			buildActionMask = 2147483647;
			files = (
				5E4259422416CB290092063B /* LaunchScreen.storyboard in Resources */,
				5E42593F2416CB290092063B /* Assets.xcassets in Resources */,
				5E42593D2416CB280092063B /* Main.storyboard in Resources */,
			);
			runOnlyForDeploymentPostprocessing = 0;
		};
/* End PBXResourcesBuildPhase section */

/* Begin PBXSourcesBuildPhase section */
		5E42592E2416CB280092063B /* Sources */ = {
			isa = PBXSourcesBuildPhase;
			buildActionMask = 2147483647;
			files = (
				5E42593A2416CB280092063B /* ViewController.swift in Sources */,
				5E4259362416CB280092063B /* AppDelegate.swift in Sources */,
				5E42594C2417091F0092063B /* Task.swift in Sources */,
				5E42594A2416D4760092063B /* NewTaskViewController.swift in Sources */,
				5E4259382416CB280092063B /* SceneDelegate.swift in Sources */,
			);
			runOnlyForDeploymentPostprocessing = 0;
		};
/* End PBXSourcesBuildPhase section */

/* Begin PBXVariantGroup section */
		5E42593B2416CB280092063B /* Main.storyboard */ = {
			isa = PBXVariantGroup;
			children = (
				5E42593C2416CB280092063B /* Base */,
			);
			name = Main.storyboard;
			sourceTree = "<group>";
		};
		5E4259402416CB290092063B /* LaunchScreen.storyboard */ = {
			isa = PBXVariantGroup;
			children = (
				5E4259412416CB290092063B /* Base */,
			);
			name = LaunchScreen.storyboard;
			sourceTree = "<group>";
		};
/* End PBXVariantGroup section */

/* Begin XCBuildConfiguration section */
		5E4259442416CB290092063B /* Debug */ = {
			isa = XCBuildConfiguration;
			buildSettings = {
				ALWAYS_SEARCH_USER_PATHS = NO;
				CLANG_ANALYZER_NONNULL = YES;
				CLANG_ANALYZER_NUMBER_OBJECT_CONVERSION = YES_AGGRESSIVE;
				CLANG_CXX_LANGUAGE_STANDARD = "gnu++14";
				CLANG_CXX_LIBRARY = "libc++";
				CLANG_ENABLE_MODULES = YES;
				CLANG_ENABLE_OBJC_ARC = YES;
				CLANG_ENABLE_OBJC_WEAK = YES;
				CLANG_WARN_BLOCK_CAPTURE_AUTORELEASING = YES;
				CLANG_WARN_BOOL_CONVERSION = YES;
				CLANG_WARN_COMMA = YES;
				CLANG_WARN_CONSTANT_CONVERSION = YES;
				CLANG_WARN_DEPRECATED_OBJC_IMPLEMENTATIONS = YES;
				CLANG_WARN_DIRECT_OBJC_ISA_USAGE = YES_ERROR;
				CLANG_WARN_DOCUMENTATION_COMMENTS = YES;
				CLANG_WARN_EMPTY_BODY = YES;
				CLANG_WARN_ENUM_CONVERSION = YES;
				CLANG_WARN_INFINITE_RECURSION = YES;
				CLANG_WARN_INT_CONVERSION = YES;
				CLANG_WARN_NON_LITERAL_NULL_CONVERSION = YES;
				CLANG_WARN_OBJC_IMPLICIT_RETAIN_SELF = YES;
				CLANG_WARN_OBJC_LITERAL_CONVERSION = YES;
				CLANG_WARN_OBJC_ROOT_CLASS = YES_ERROR;
				CLANG_WARN_RANGE_LOOP_ANALYSIS = YES;
				CLANG_WARN_STRICT_PROTOTYPES = YES;
				CLANG_WARN_SUSPICIOUS_MOVE = YES;
				CLANG_WARN_UNGUARDED_AVAILABILITY = YES_AGGRESSIVE;
				CLANG_WARN_UNREACHABLE_CODE = YES;
				CLANG_WARN__DUPLICATE_METHOD_MATCH = YES;
				COPY_PHASE_STRIP = NO;
				DEBUG_INFORMATION_FORMAT = dwarf;
				ENABLE_STRICT_OBJC_MSGSEND = YES;
				ENABLE_TESTABILITY = YES;
				GCC_C_LANGUAGE_STANDARD = gnu11;
				GCC_DYNAMIC_NO_PIC = NO;
				GCC_NO_COMMON_BLOCKS = YES;
				GCC_OPTIMIZATION_LEVEL = 0;
				GCC_PREPROCESSOR_DEFINITIONS = (
					"DEBUG=1",
					"$(inherited)",
				);
				GCC_WARN_64_TO_32_BIT_CONVERSION = YES;
				GCC_WARN_ABOUT_RETURN_TYPE = YES_ERROR;
				GCC_WARN_UNDECLARED_SELECTOR = YES;
				GCC_WARN_UNINITIALIZED_AUTOS = YES_AGGRESSIVE;
				GCC_WARN_UNUSED_FUNCTION = YES;
				GCC_WARN_UNUSED_VARIABLE = YES;
				IPHONEOS_DEPLOYMENT_TARGET = 13.2;
				MTL_ENABLE_DEBUG_INFO = INCLUDE_SOURCE;
				MTL_FAST_MATH = YES;
				ONLY_ACTIVE_ARCH = YES;
				SDKROOT = iphoneos;
				SWIFT_ACTIVE_COMPILATION_CONDITIONS = DEBUG;
				SWIFT_OPTIMIZATION_LEVEL = "-Onone";
			};
			name = Debug;
		};
		5E4259452416CB290092063B /* Release */ = {
			isa = XCBuildConfiguration;
			buildSettings = {
				ALWAYS_SEARCH_USER_PATHS = NO;
				CLANG_ANALYZER_NONNULL = YES;
				CLANG_ANALYZER_NUMBER_OBJECT_CONVERSION = YES_AGGRESSIVE;
				CLANG_CXX_LANGUAGE_STANDARD = "gnu++14";
				CLANG_CXX_LIBRARY = "libc++";
				CLANG_ENABLE_MODULES = YES;
				CLANG_ENABLE_OBJC_ARC = YES;
				CLANG_ENABLE_OBJC_WEAK = YES;
				CLANG_WARN_BLOCK_CAPTURE_AUTORELEASING = YES;
				CLANG_WARN_BOOL_CONVERSION = YES;
				CLANG_WARN_COMMA = YES;
				CLANG_WARN_CONSTANT_CONVERSION = YES;
				CLANG_WARN_DEPRECATED_OBJC_IMPLEMENTATIONS = YES;
				CLANG_WARN_DIRECT_OBJC_ISA_USAGE = YES_ERROR;
				CLANG_WARN_DOCUMENTATION_COMMENTS = YES;
				CLANG_WARN_EMPTY_BODY = YES;
				CLANG_WARN_ENUM_CONVERSION = YES;
				CLANG_WARN_INFINITE_RECURSION = YES;
				CLANG_WARN_INT_CONVERSION = YES;
				CLANG_WARN_NON_LITERAL_NULL_CONVERSION = YES;
				CLANG_WARN_OBJC_IMPLICIT_RETAIN_SELF = YES;
				CLANG_WARN_OBJC_LITERAL_CONVERSION = YES;
				CLANG_WARN_OBJC_ROOT_CLASS = YES_ERROR;
				CLANG_WARN_RANGE_LOOP_ANALYSIS = YES;
				CLANG_WARN_STRICT_PROTOTYPES = YES;
				CLANG_WARN_SUSPICIOUS_MOVE = YES;
				CLANG_WARN_UNGUARDED_AVAILABILITY = YES_AGGRESSIVE;
				CLANG_WARN_UNREACHABLE_CODE = YES;
				CLANG_WARN__DUPLICATE_METHOD_MATCH = YES;
				COPY_PHASE_STRIP = NO;
				DEBUG_INFORMATION_FORMAT = "dwarf-with-dsym";
				ENABLE_NS_ASSERTIONS = NO;
				ENABLE_STRICT_OBJC_MSGSEND = YES;
				GCC_C_LANGUAGE_STANDARD = gnu11;
				GCC_NO_COMMON_BLOCKS = YES;
				GCC_WARN_64_TO_32_BIT_CONVERSION = YES;
				GCC_WARN_ABOUT_RETURN_TYPE = YES_ERROR;
				GCC_WARN_UNDECLARED_SELECTOR = YES;
				GCC_WARN_UNINITIALIZED_AUTOS = YES_AGGRESSIVE;
				GCC_WARN_UNUSED_FUNCTION = YES;
				GCC_WARN_UNUSED_VARIABLE = YES;
				IPHONEOS_DEPLOYMENT_TARGET = 13.2;
				MTL_ENABLE_DEBUG_INFO = NO;
				MTL_FAST_MATH = YES;
				SDKROOT = iphoneos;
				SWIFT_COMPILATION_MODE = wholemodule;
				SWIFT_OPTIMIZATION_LEVEL = "-O";
				VALIDATE_PRODUCT = YES;
			};
			name = Release;
		};
		5E4259472416CB290092063B /* Debug */ = {
			isa = XCBuildConfiguration;
			buildSettings = {
				ASSETCATALOG_COMPILER_APPICON_NAME = AppIcon;
				CODE_SIGN_STYLE = Automatic;
				DEVELOPMENT_TEAM = MN5SDDPV9R;
				INFOPLIST_FILE = "Composite Tasks/Info.plist";
				LD_RUNPATH_SEARCH_PATHS = (
					"$(inherited)",
					"@executable_path/Frameworks",
				);
				PRODUCT_BUNDLE_IDENTIFIER = "Ksenia.Composite-Tasks";
				PRODUCT_NAME = "$(TARGET_NAME)";
				SWIFT_VERSION = 5.0;
				TARGETED_DEVICE_FAMILY = "1,2";
			};
			name = Debug;
		};
		5E4259482416CB290092063B /* Release */ = {
			isa = XCBuildConfiguration;
			buildSettings = {
				ASSETCATALOG_COMPILER_APPICON_NAME = AppIcon;
				CODE_SIGN_STYLE = Automatic;
				DEVELOPMENT_TEAM = MN5SDDPV9R;
				INFOPLIST_FILE = "Composite Tasks/Info.plist";
				LD_RUNPATH_SEARCH_PATHS = (
					"$(inherited)",
					"@executable_path/Frameworks",
				);
				PRODUCT_BUNDLE_IDENTIFIER = "Ksenia.Composite-Tasks";
				PRODUCT_NAME = "$(TARGET_NAME)";
				SWIFT_VERSION = 5.0;
				TARGETED_DEVICE_FAMILY = "1,2";
			};
			name = Release;
		};
/* End XCBuildConfiguration section */

/* Begin XCConfigurationList section */
		5E42592D2416CB280092063B /* Build configuration list for PBXProject "Composite Tasks" */ = {
			isa = XCConfigurationList;
			buildConfigurations = (
				5E4259442416CB290092063B /* Debug */,
				5E4259452416CB290092063B /* Release */,
			);
			defaultConfigurationIsVisible = 0;
			defaultConfigurationName = Release;
		};
		5E4259462416CB290092063B /* Build configuration list for PBXNativeTarget "Composite Tasks" */ = {
			isa = XCConfigurationList;
			buildConfigurations = (
				5E4259472416CB290092063B /* Debug */,
				5E4259482416CB290092063B /* Release */,
			);
			defaultConfigurationIsVisible = 0;
			defaultConfigurationName = Release;
		};
/* End XCConfigurationList section */
	};
	rootObject = 5E42592A2416CB280092063B /* Project object */;
}
